
Microsoft Visual Studio Solution File, Format Version 12.00
# Visual Studio 15
VisualStudioVersion = 15.0.28307.489
MinimumVisualStudioVersion = 10.0.40219.1
Project("{9A19103F-16F7-4668-BE54-9A1E7A4F7556}") = "BackBeacon", "BackBeaconProject\BackBeacon.csproj", "{C7AFE3E0-200C-4995-BCDC-88378C1D6F88}"
EndProject
Project("{2150E333-8FDC-42A3-9474-1A3956D46DE8}") = "Solution Items", "Solution Items", "{42C1DDB5-AF22-4F7C-B23D-2D2EDA463EA3}"
	ProjectSection(SolutionItems) = preProject
		.filenesting.json = .filenesting.json
	EndProjectSection
EndProject
Global
	GlobalSection(SolutionConfigurationPlatforms) = preSolution
		Debug|Any CPU = Debug|Any CPU
		Release|Any CPU = Release|Any CPU
	EndGlobalSection
	GlobalSection(ProjectConfigurationPlatforms) = postSolution
		{C7AFE3E0-200C-4995-BCDC-88378C1D6F88}.Debug|Any CPU.ActiveCfg = Debug|Any CPU
		{C7AFE3E0-200C-4995-BCDC-88378C1D6F88}.Debug|Any CPU.Build.0 = Debug|Any CPU
		{C7AFE3E0-200C-4995-BCDC-88378C1D6F88}.Release|Any CPU.ActiveCfg = Release|Any CPU
		{C7AFE3E0-200C-4995-BCDC-88378C1D6F88}.Release|Any CPU.Build.0 = Release|Any CPU
	EndGlobalSection
	GlobalSection(SolutionProperties) = preSolution
		HideSolutionNode = FALSE
	EndGlobalSection
	GlobalSection(ExtensibilityGlobals) = postSolution
		SolutionGuid = {AA65A537-88F3-464B-A174-1A00182703DA}
	EndGlobalSection
EndGlobal
